
Microsoft Visual Studio Solution File, Format Version 12.00
# Visual Studio Version 16
VisualStudioVersion = 16.0.31410.357
MinimumVisualStudioVersion = 10.0.40219.1
Project("{FAE04EC0-301F-11D3-BF4B-00C04F79EFBC}") = "Student Management System", "Student Management System\Student Management System.csproj", "{BC0CB7B0-0B49-42BA-9AC9-EE2A6D9A3C7D}"
EndProject
Global
	GlobalSection(SolutionConfigurationPlatforms) = preSolution
		Debug|Any CPU = Debug|Any CPU
		Release|Any CPU = Release|Any CPU
	EndGlobalSection
	GlobalSection(ProjectConfigurationPlatforms) = postSolution
		{BC0CB7B0-0B49-42BA-9AC9-EE2A6D9A3C7D}.Debug|Any CPU.ActiveCfg = Debug|Any CPU
		{BC0CB7B0-0B49-42BA-9AC9-EE2A6D9A3C7D}.Debug|Any CPU.Build.0 = Debug|Any CPU
		{BC0CB7B0-0B49-42BA-9AC9-EE2A6D9A3C7D}.Release|Any CPU.ActiveCfg = Release|Any CPU
		{BC0CB7B0-0B49-42BA-9AC9-EE2A6D9A3C7D}.Release|Any CPU.Build.0 = Release|Any CPU
	EndGlobalSection
	GlobalSection(SolutionProperties) = preSolution
		HideSolutionNode = FALSE
	EndGlobalSection
	GlobalSection(ExtensibilityGlobals) = postSolution
		SolutionGuid = {C6620389-DC3E-4A9D-BACC-45E620E96AF3}
	EndGlobalSection
EndGlobal
